# THIS IS AN AUTOGENERATED FILE. DO NOT EDIT THIS FILE DIRECTLY.
# yarn lockfile v1


ngx-bootstrap@1.9.1:
  version "1.9.1"
  resolved "https://registry.yarnpkg.com/ngx-bootstrap/-/ngx-bootstrap-1.9.1.tgz#09ed06d908f5f3bb23f821a0fb452e9a17d7665b"

ngx-tour-core@^1.0.0:
  version "1.0.3"
  resolved "https://registry.yarnpkg.com/ngx-tour-core/-/ngx-tour-core-1.0.3.tgz#a24b9264c24ca63c10cdf9d943697fb9ec7e7377"

withinviewport@^2.0.0:
  version "2.0.0"
  resolved "https://registry.yarnpkg.com/withinviewport/-/withinviewport-2.0.0.tgz#5df1468b087832812dfba0a793c2be4e96b2da85"
