{
  "name": "ngx-tour-ngx-popper",
  "version": "2.0.0",
  "lockfileVersion": 1,
  "requires": true,
  "dependencies": {
    "ngx-tour-core": {
      "version": "2.0.0",
      "resolved": "https://registry.npmjs.org/ngx-tour-core/-/ngx-tour-core-2.0.0.tgz",
      "integrity": "sha512-ucWj4dKRfpc0r3yBQwm78ENRm0a/DZMplZjzij+3iPltUCksSlpxCqqxdFv8t/J9jR9Q8RNspylohjAPCyevmQ=="
    },
    "withinviewport": {
      "version": "2.0.0",
      "resolved": "https://registry.npmjs.org/withinviewport/-/withinviewport-2.0.0.tgz",
      "integrity": "sha1-XfFGiwh4MoEt+6Cnk8K+Tpay2oU="
    }
  }
}
