{
  "name": "ngx-tour-console",
  "version": "1.0.2",
  "lockfileVersion": 1,
  "requires": true,
  "dependencies": {
    "ngx-tour-core": {
      "version": "1.0.3",
      "resolved": "https://registry.npmjs.org/ngx-tour-core/-/ngx-tour-core-1.0.3.tgz",
      "integrity": "sha512-a4IE9vfzo4wYqWPzl0DAJuadUbPdRkee7pDB9hWteBEYRhBHksMTRkYcQwGsvvCTgfLl7XUsi3ChmG2urOAFiA=="
    }
  }
}
